
Microsoft Visual Studio Solution File, Format Version 12.00
# Visual Studio Version 17
VisualStudioVersion = 17.0.31903.59
MinimumVisualStudioVersion = 10.0.40219.1
Project("{9A19103F-16F7-4668-BE54-9A1E7A4F7556}") = "ProductService", "ProductService\ProductService.csproj", "{6E5C7EF9-C840-4770-891E-2DE823AA10D5}"
EndProject
Project("{9A19103F-16F7-4668-BE54-9A1E7A4F7556}") = "OrderService", "OrderService\OrderService.csproj", "{CA4F18F0-54ED-4DBB-B70D-EAB0FCD796D4}"
EndProject
Project("{2150E333-8FDC-42A3-9474-1A3956D46DE8}") = "Solution Items", "Solution Items", "{D251FE53-EEA6-4945-8646-59B4F4A7A81D}"
	ProjectSection(SolutionItems) = preProject
		docker-compose.yaml = docker-compose.yaml
		prepareDb.sql = prepareDb.sql
		sql_root_pw.txt = sql_root_pw.txt
		sqlserver-docker = sqlserver-docker
	EndProjectSection
EndProject
Project("{9A19103F-16F7-4668-BE54-9A1E7A4F7556}") = "MessageQueue", "MessageQueue\MessageQueue.csproj", "{1595108C-0721-4712-989D-05711B493563}"
EndProject
Project("{9A19103F-16F7-4668-BE54-9A1E7A4F7556}") = "OrderService.Tests", "OrderService.Tests\OrderService.Tests.csproj", "{E608A66E-9A81-417E-B368-C9DFA2F098EE}"
EndProject
Project("{9A19103F-16F7-4668-BE54-9A1E7A4F7556}") = "ProductService.Tests", "ProductService.Tests\ProductService.Tests.csproj", "{8354869F-28D0-4A65-874C-F7F948D71760}"
EndProject
Project("{9A19103F-16F7-4668-BE54-9A1E7A4F7556}") = "CartService", "CartService\CartService.csproj", "{A15BF7CF-1B7A-4A62-A47F-86CFA275B2EC}"
EndProject
Project("{9A19103F-16F7-4668-BE54-9A1E7A4F7556}") = "CartService.Tests", "CartService.Tests\CartService.Tests.csproj", "{C4BD8F0F-9CD4-486E-BC13-B257387BF70F}"
EndProject
Project("{9A19103F-16F7-4668-BE54-9A1E7A4F7556}") = "OcelotGateway", "OcelotGateway\OcelotGateway.csproj", "{6E7B3139-FDA8-4057-8354-6774AD2A58DA}"
EndProject
Project("{9A19103F-16F7-4668-BE54-9A1E7A4F7556}") = "IdentityService", "IdentityService\IdentityService.csproj", "{E17CA9B3-F069-484A-B28B-00C90CF4784A}"
EndProject
Project("{9A19103F-16F7-4668-BE54-9A1E7A4F7556}") = "IdentityService.Tests", "IdentityService.Tests\IdentityService.Tests.csproj", "{188B1C14-32B5-4B47-AD24-F3DEC404818F}"
EndProject
Global
	GlobalSection(SolutionConfigurationPlatforms) = preSolution
		Debug|Any CPU = Debug|Any CPU
		Release|Any CPU = Release|Any CPU
	EndGlobalSection
	GlobalSection(ProjectConfigurationPlatforms) = postSolution
		{6E5C7EF9-C840-4770-891E-2DE823AA10D5}.Debug|Any CPU.ActiveCfg = Debug|Any CPU
		{6E5C7EF9-C840-4770-891E-2DE823AA10D5}.Debug|Any CPU.Build.0 = Debug|Any CPU
		{6E5C7EF9-C840-4770-891E-2DE823AA10D5}.Release|Any CPU.ActiveCfg = Release|Any CPU
		{6E5C7EF9-C840-4770-891E-2DE823AA10D5}.Release|Any CPU.Build.0 = Release|Any CPU
		{CA4F18F0-54ED-4DBB-B70D-EAB0FCD796D4}.Debug|Any CPU.ActiveCfg = Debug|Any CPU
		{CA4F18F0-54ED-4DBB-B70D-EAB0FCD796D4}.Debug|Any CPU.Build.0 = Debug|Any CPU
		{CA4F18F0-54ED-4DBB-B70D-EAB0FCD796D4}.Release|Any CPU.ActiveCfg = Release|Any CPU
		{CA4F18F0-54ED-4DBB-B70D-EAB0FCD796D4}.Release|Any CPU.Build.0 = Release|Any CPU
		{1595108C-0721-4712-989D-05711B493563}.Debug|Any CPU.ActiveCfg = Debug|Any CPU
		{1595108C-0721-4712-989D-05711B493563}.Debug|Any CPU.Build.0 = Debug|Any CPU
		{1595108C-0721-4712-989D-05711B493563}.Release|Any CPU.ActiveCfg = Release|Any CPU
		{1595108C-0721-4712-989D-05711B493563}.Release|Any CPU.Build.0 = Release|Any CPU
		{E608A66E-9A81-417E-B368-C9DFA2F098EE}.Debug|Any CPU.ActiveCfg = Debug|Any CPU
		{E608A66E-9A81-417E-B368-C9DFA2F098EE}.Debug|Any CPU.Build.0 = Debug|Any CPU
		{E608A66E-9A81-417E-B368-C9DFA2F098EE}.Release|Any CPU.ActiveCfg = Release|Any CPU
		{E608A66E-9A81-417E-B368-C9DFA2F098EE}.Release|Any CPU.Build.0 = Release|Any CPU
		{8354869F-28D0-4A65-874C-F7F948D71760}.Debug|Any CPU.ActiveCfg = Debug|Any CPU
		{8354869F-28D0-4A65-874C-F7F948D71760}.Debug|Any CPU.Build.0 = Debug|Any CPU
		{8354869F-28D0-4A65-874C-F7F948D71760}.Release|Any CPU.ActiveCfg = Release|Any CPU
		{8354869F-28D0-4A65-874C-F7F948D71760}.Release|Any CPU.Build.0 = Release|Any CPU
		{A15BF7CF-1B7A-4A62-A47F-86CFA275B2EC}.Debug|Any CPU.ActiveCfg = Debug|Any CPU
		{A15BF7CF-1B7A-4A62-A47F-86CFA275B2EC}.Debug|Any CPU.Build.0 = Debug|Any CPU
		{A15BF7CF-1B7A-4A62-A47F-86CFA275B2EC}.Release|Any CPU.ActiveCfg = Release|Any CPU
		{A15BF7CF-1B7A-4A62-A47F-86CFA275B2EC}.Release|Any CPU.Build.0 = Release|Any CPU
		{C4BD8F0F-9CD4-486E-BC13-B257387BF70F}.Debug|Any CPU.ActiveCfg = Debug|Any CPU
		{C4BD8F0F-9CD4-486E-BC13-B257387BF70F}.Debug|Any CPU.Build.0 = Debug|Any CPU
		{C4BD8F0F-9CD4-486E-BC13-B257387BF70F}.Release|Any CPU.ActiveCfg = Release|Any CPU
		{C4BD8F0F-9CD4-486E-BC13-B257387BF70F}.Release|Any CPU.Build.0 = Release|Any CPU
		{6E7B3139-FDA8-4057-8354-6774AD2A58DA}.Debug|Any CPU.ActiveCfg = Debug|Any CPU
		{6E7B3139-FDA8-4057-8354-6774AD2A58DA}.Debug|Any CPU.Build.0 = Debug|Any CPU
		{6E7B3139-FDA8-4057-8354-6774AD2A58DA}.Release|Any CPU.ActiveCfg = Release|Any CPU
		{6E7B3139-FDA8-4057-8354-6774AD2A58DA}.Release|Any CPU.Build.0 = Release|Any CPU
		{E17CA9B3-F069-484A-B28B-00C90CF4784A}.Debug|Any CPU.ActiveCfg = Debug|Any CPU
		{E17CA9B3-F069-484A-B28B-00C90CF4784A}.Debug|Any CPU.Build.0 = Debug|Any CPU
		{E17CA9B3-F069-484A-B28B-00C90CF4784A}.Release|Any CPU.ActiveCfg = Release|Any CPU
		{E17CA9B3-F069-484A-B28B-00C90CF4784A}.Release|Any CPU.Build.0 = Release|Any CPU
		{188B1C14-32B5-4B47-AD24-F3DEC404818F}.Debug|Any CPU.ActiveCfg = Debug|Any CPU
		{188B1C14-32B5-4B47-AD24-F3DEC404818F}.Debug|Any CPU.Build.0 = Debug|Any CPU
		{188B1C14-32B5-4B47-AD24-F3DEC404818F}.Release|Any CPU.ActiveCfg = Release|Any CPU
		{188B1C14-32B5-4B47-AD24-F3DEC404818F}.Release|Any CPU.Build.0 = Release|Any CPU
	EndGlobalSection
	GlobalSection(SolutionProperties) = preSolution
		HideSolutionNode = FALSE
	EndGlobalSection
	GlobalSection(ExtensibilityGlobals) = postSolution
		SolutionGuid = {4B55ECF0-D412-44D5-95CE-2555CF4BED13}
	EndGlobalSection
EndGlobal
