
Microsoft Visual Studio Solution File, Format Version 12.00
# Visual Studio Version 17
VisualStudioVersion = 17.5.002.0
MinimumVisualStudioVersion = 10.0.40219.1
Project("{9A19103F-16F7-4668-BE54-9A1E7A4F7556}") = "ProductService.Tests", "ProductService.Tests.csproj", "{673E92DE-5045-4C2B-9F02-E76D3B1410B0}"
EndProject
Global
	GlobalSection(SolutionConfigurationPlatforms) = preSolution
		Debug|Any CPU = Debug|Any CPU
		Release|Any CPU = Release|Any CPU
	EndGlobalSection
	GlobalSection(ProjectConfigurationPlatforms) = postSolution
		{673E92DE-5045-4C2B-9F02-E76D3B1410B0}.Debug|Any CPU.ActiveCfg = Debug|Any CPU
		{673E92DE-5045-4C2B-9F02-E76D3B1410B0}.Debug|Any CPU.Build.0 = Debug|Any CPU
		{673E92DE-5045-4C2B-9F02-E76D3B1410B0}.Release|Any CPU.ActiveCfg = Release|Any CPU
		{673E92DE-5045-4C2B-9F02-E76D3B1410B0}.Release|Any CPU.Build.0 = Release|Any CPU
	EndGlobalSection
	GlobalSection(SolutionProperties) = preSolution
		HideSolutionNode = FALSE
	EndGlobalSection
	GlobalSection(ExtensibilityGlobals) = postSolution
		SolutionGuid = {B4A1BF65-D15F-4A2D-9609-46AE38C3A856}
	EndGlobalSection
EndGlobal
