
Microsoft Visual Studio Solution File, Format Version 12.00
# Visual Studio Version 17
VisualStudioVersion = 17.0.31903.59
MinimumVisualStudioVersion = 10.0.40219.1
Project("{FAE04EC0-301F-11D3-BF4B-00C04F79EFBC}") = "ImageService", "ImageService.csproj", "{16AC3509-4E04-4E37-A990-81C5FDD8FF48}"
EndProject
Project("{FAE04EC0-301F-11D3-BF4B-00C04F79EFBC}") = "ImageService.Tests", "..\ImageService.Tests\ImageService.Tests.csproj", "{AAB589DC-7EC2-45BA-A9E3-7DD400E6C5C9}"
EndProject
Global
	GlobalSection(SolutionConfigurationPlatforms) = preSolution
		Debug|Any CPU = Debug|Any CPU
		Release|Any CPU = Release|Any CPU
	EndGlobalSection
	GlobalSection(SolutionProperties) = preSolution
		HideSolutionNode = FALSE
	EndGlobalSection
	GlobalSection(ProjectConfigurationPlatforms) = postSolution
		{16AC3509-4E04-4E37-A990-81C5FDD8FF48}.Debug|Any CPU.ActiveCfg = Debug|Any CPU
		{16AC3509-4E04-4E37-A990-81C5FDD8FF48}.Debug|Any CPU.Build.0 = Debug|Any CPU
		{16AC3509-4E04-4E37-A990-81C5FDD8FF48}.Release|Any CPU.ActiveCfg = Release|Any CPU
		{16AC3509-4E04-4E37-A990-81C5FDD8FF48}.Release|Any CPU.Build.0 = Release|Any CPU
		{AAB589DC-7EC2-45BA-A9E3-7DD400E6C5C9}.Debug|Any CPU.ActiveCfg = Debug|Any CPU
		{AAB589DC-7EC2-45BA-A9E3-7DD400E6C5C9}.Debug|Any CPU.Build.0 = Debug|Any CPU
		{AAB589DC-7EC2-45BA-A9E3-7DD400E6C5C9}.Release|Any CPU.ActiveCfg = Release|Any CPU
		{AAB589DC-7EC2-45BA-A9E3-7DD400E6C5C9}.Release|Any CPU.Build.0 = Release|Any CPU
	EndGlobalSection
EndGlobal
