
Microsoft Visual Studio Solution File, Format Version 12.00
# Visual Studio Version 17
VisualStudioVersion = 17.6.33815.320
MinimumVisualStudioVersion = 10.0.40219.1
Project("{9A19103F-16F7-4668-BE54-9A1E7A4F7556}") = "ProductService", "ProductService.csproj", "{E6869C25-26A5-4A12-92FD-0F848E39C63F}"
EndProject
Project("{9A19103F-16F7-4668-BE54-9A1E7A4F7556}") = "ProductService.Tests", "..\ProductService.Tests\ProductService.Tests.csproj", "{57FA8297-5D52-4A2B-BAE0-18A188FE64B5}"
EndProject
Global
	GlobalSection(SolutionConfigurationPlatforms) = preSolution
		Debug|Any CPU = Debug|Any CPU
		Release|Any CPU = Release|Any CPU
	EndGlobalSection
	GlobalSection(ProjectConfigurationPlatforms) = postSolution
		{E6869C25-26A5-4A12-92FD-0F848E39C63F}.Debug|Any CPU.ActiveCfg = Debug|Any CPU
		{E6869C25-26A5-4A12-92FD-0F848E39C63F}.Debug|Any CPU.Build.0 = Debug|Any CPU
		{E6869C25-26A5-4A12-92FD-0F848E39C63F}.Release|Any CPU.ActiveCfg = Release|Any CPU
		{E6869C25-26A5-4A12-92FD-0F848E39C63F}.Release|Any CPU.Build.0 = Release|Any CPU
		{57FA8297-5D52-4A2B-BAE0-18A188FE64B5}.Debug|Any CPU.ActiveCfg = Debug|Any CPU
		{57FA8297-5D52-4A2B-BAE0-18A188FE64B5}.Debug|Any CPU.Build.0 = Debug|Any CPU
		{57FA8297-5D52-4A2B-BAE0-18A188FE64B5}.Release|Any CPU.ActiveCfg = Release|Any CPU
		{57FA8297-5D52-4A2B-BAE0-18A188FE64B5}.Release|Any CPU.Build.0 = Release|Any CPU
	EndGlobalSection
	GlobalSection(SolutionProperties) = preSolution
		HideSolutionNode = FALSE
	EndGlobalSection
	GlobalSection(ExtensibilityGlobals) = postSolution
		SolutionGuid = {9C11E380-7ECC-4555-8B0C-99F9FBE971D6}
	EndGlobalSection
EndGlobal
